
Microsoft Visual Studio Solution File, Format Version 12.00
# Visual Studio Version 17
VisualStudioVersion = 17.14.36203.30
MinimumVisualStudioVersion = 10.0.40219.1
Project("{8BC9CEB8-8B4A-11D0-8D11-00A0C91BC942}") = "Controller", "Client\Client.vcxproj", "{CC251B00-5863-49BF-AFD4-41CB8C6668DD}"
EndProject
Project("{8BC9CEB8-8B4A-11D0-8D11-00A0C91BC942}") = "Server", "Server\Server.vcxproj", "{F40A6C4D-A004-4BA8-8D22-48F378E3713C}"
EndProject
Project("{8BC9CEB8-8B4A-11D0-8D11-00A0C91BC942}") = "Agent", "Agent\Agent.vcxproj", "{15288F53-C1C1-47E9-8FDB-22E8B402221B}"
EndProject
Project("{8BC9CEB8-8B4A-11D0-8D11-00A0C91BC942}") = "SharedLib", "SharedLib\SharedLib.vcxproj", "{F404C5F9-EA29-4245-B9E8-5ED088C81D18}"
EndProject
Global
	GlobalSection(SolutionConfigurationPlatforms) = preSolution
		Debug|x64 = Debug|x64
		Debug|x86 = Debug|x86
		Release|x64 = Release|x64
		Release|x86 = Release|x86
	EndGlobalSection
	GlobalSection(ProjectConfigurationPlatforms) = postSolution
		{CC251B00-5863-49BF-AFD4-41CB8C6668DD}.Debug|x64.ActiveCfg = Debug|x64
		{CC251B00-5863-49BF-AFD4-41CB8C6668DD}.Debug|x64.Build.0 = Debug|x64
		{CC251B00-5863-49BF-AFD4-41CB8C6668DD}.Debug|x86.ActiveCfg = Debug|Win32
		{CC251B00-5863-49BF-AFD4-41CB8C6668DD}.Debug|x86.Build.0 = Debug|Win32
		{CC251B00-5863-49BF-AFD4-41CB8C6668DD}.Release|x64.ActiveCfg = Release|x64
		{CC251B00-5863-49BF-AFD4-41CB8C6668DD}.Release|x64.Build.0 = Release|x64
		{CC251B00-5863-49BF-AFD4-41CB8C6668DD}.Release|x86.ActiveCfg = Release|Win32
		{CC251B00-5863-49BF-AFD4-41CB8C6668DD}.Release|x86.Build.0 = Release|Win32
		{F40A6C4D-A004-4BA8-8D22-48F378E3713C}.Debug|x64.ActiveCfg = Debug|x64
		{F40A6C4D-A004-4BA8-8D22-48F378E3713C}.Debug|x64.Build.0 = Debug|x64
		{F40A6C4D-A004-4BA8-8D22-48F378E3713C}.Debug|x86.ActiveCfg = Debug|Win32
		{F40A6C4D-A004-4BA8-8D22-48F378E3713C}.Debug|x86.Build.0 = Debug|Win32
		{F40A6C4D-A004-4BA8-8D22-48F378E3713C}.Release|x64.ActiveCfg = Release|x64
		{F40A6C4D-A004-4BA8-8D22-48F378E3713C}.Release|x64.Build.0 = Release|x64
		{F40A6C4D-A004-4BA8-8D22-48F378E3713C}.Release|x86.ActiveCfg = Release|Win32
		{F40A6C4D-A004-4BA8-8D22-48F378E3713C}.Release|x86.Build.0 = Release|Win32
		{15288F53-C1C1-47E9-8FDB-22E8B402221B}.Debug|x64.ActiveCfg = Debug|x64
		{15288F53-C1C1-47E9-8FDB-22E8B402221B}.Debug|x64.Build.0 = Debug|x64
		{15288F53-C1C1-47E9-8FDB-22E8B402221B}.Debug|x86.ActiveCfg = Debug|Win32
		{15288F53-C1C1-47E9-8FDB-22E8B402221B}.Debug|x86.Build.0 = Debug|Win32
		{15288F53-C1C1-47E9-8FDB-22E8B402221B}.Release|x64.ActiveCfg = Release|x64
		{15288F53-C1C1-47E9-8FDB-22E8B402221B}.Release|x64.Build.0 = Release|x64
		{15288F53-C1C1-47E9-8FDB-22E8B402221B}.Release|x86.ActiveCfg = Release|Win32
		{15288F53-C1C1-47E9-8FDB-22E8B402221B}.Release|x86.Build.0 = Release|Win32
		{F404C5F9-EA29-4245-B9E8-5ED088C81D18}.Debug|x64.ActiveCfg = Debug|x64
		{F404C5F9-EA29-4245-B9E8-5ED088C81D18}.Debug|x64.Build.0 = Debug|x64
		{F404C5F9-EA29-4245-B9E8-5ED088C81D18}.Debug|x86.ActiveCfg = Debug|Win32
		{F404C5F9-EA29-4245-B9E8-5ED088C81D18}.Debug|x86.Build.0 = Debug|Win32
		{F404C5F9-EA29-4245-B9E8-5ED088C81D18}.Release|x64.ActiveCfg = Release|x64
		{F404C5F9-EA29-4245-B9E8-5ED088C81D18}.Release|x64.Build.0 = Release|x64
		{F404C5F9-EA29-4245-B9E8-5ED088C81D18}.Release|x86.ActiveCfg = Release|Win32
		{F404C5F9-EA29-4245-B9E8-5ED088C81D18}.Release|x86.Build.0 = Release|Win32
	EndGlobalSection
	GlobalSection(SolutionProperties) = preSolution
		HideSolutionNode = FALSE
	EndGlobalSection
	GlobalSection(ExtensibilityGlobals) = postSolution
		SolutionGuid = {37A769E6-CF05-4DB6-8F3F-60D58DD4DC91}
	EndGlobalSection
EndGlobal
